# This file is automatically @generated by Cargo.
# It is not intended for manual editing.
version = 3

[[package]]
name = "atmega328p"
version = "0.1.0"

[[package]]
name = "avr-config"
version = "2.0.1"
source = "registry+https://github.com/rust-lang/crates.io-index"
checksum = "abb2276df19ea0f25741658d218861b8a24d78eaf926127eb2384f0927f9ab9f"
dependencies = [
 "const_env--value",
]

[[package]]
name = "avr_delay"
version = "0.3.2"
source = "git+https://github.com/avr-rust/delay?tag=0.3.2#7925367d8320ac970fbd9a62de72848860443049"
dependencies = [
 "avr-config",
]

[[package]]
name = "blinky-dpin-uno"
version = "0.1.0"
dependencies = [
 "avr_delay",
 "uno",
 "utils",
]

[[package]]
name = "blinky-gpio-direct"
version = "0.1.0"
dependencies = [
 "atmega328p",
 "avr_delay",
 "utils",
]

[[package]]
name = "blinky-led-uno"
version = "0.1.0"
dependencies = [
 "avr_delay",
 "uno",
 "utils",
]

[[package]]
name = "const_env--value"
version = "0.1.2"
source = "registry+https://github.com/rust-lang/crates.io-index"
checksum = "1ade503a5095050a5bf3feb8ae71842fb49dfc4af01dd613beb4f00bb7144645"
dependencies = [
 "const_env_impl--value",
]

[[package]]
name = "const_env_impl--value"
version = "0.1.2"
source = "registry+https://github.com/rust-lang/crates.io-index"
checksum = "a046e06596453266c54d3eb790813fd047494fc1d04d5077fba628bf84e1b83a"
dependencies = [
 "proc-macro2",
 "quote",
 "syn",
]

[[package]]
name = "hello-usart-direct"
version = "0.1.0"
dependencies = [
 "atmega328p",
 "avr_delay",
 "utils",
]

[[package]]
name = "proc-macro2"
version = "1.0.43"
source = "registry+https://github.com/rust-lang/crates.io-index"
checksum = "0a2ca2c61bc9f3d74d2886294ab7b9853abd9c1ad903a3ac7815c58989bb7bab"
dependencies = [
 "unicode-ident",
]

[[package]]
name = "quote"
version = "1.0.21"
source = "registry+https://github.com/rust-lang/crates.io-index"
checksum = "bbe448f377a7d6961e30f5955f9b8d106c3f5e449d493ee1b125c1d43c2b5179"
dependencies = [
 "proc-macro2",
]

[[package]]
name = "syn"
version = "1.0.99"
source = "registry+https://github.com/rust-lang/crates.io-index"
checksum = "58dbef6ec655055e20b86b15a8cc6d439cca19b667537ac6a1369572d151ab13"
dependencies = [
 "proc-macro2",
 "quote",
 "unicode-ident",
]

[[package]]
name = "unicode-ident"
version = "1.0.3"
source = "registry+https://github.com/rust-lang/crates.io-index"
checksum = "c4f5b37a154999a8f3f98cc23a628d850e154479cd94decf3414696e12e31aaf"

[[package]]
name = "uno"
version = "0.1.0"
dependencies = [
 "atmega328p",
]

[[package]]
name = "utils"
version = "0.1.0"
